dependencies:
  espressif/cbor:
    component_hash: 440f4ee4504841cc9b4f3a8ef755776a612ac9dace355514c68b999868f990ff
    source:
      service_url: https://api.components.espressif.com/
      type: service
    version: 0.6.0~1
  idf:
    component_hash: null
    source:
      type: idf
    version: 5.2.0
manifest_hash: 4044489e61ef53c33b5937eb2566ddc7e9e14397f0b5bc990354e2e653dd6b89
target: esp32
version: 1.0.0
